// !$*UTF8*$!
{
	archiveVersion = 1;
	classes = {
	};
	objectVersion = 54;
	objects = {

/* Begin PBXBuildFile section */
		0E523086BFAA620F23FC32D9 /* R.generated.swift in Sources */ = {isa = PBXBuildFile; fileRef = FD13FBEC61048671970C14AD /* R.generated.swift */; };
		1FA10D8DCF2FE674ECC576C9 /* Assets.xcassets in Resources */ = {isa = PBXBuildFile; fileRef = F1C44333EFBC1CDB89C478FF /* Assets.xcassets */; };
		3B556502571BD1E23B08C410 /* Kingfisher in Frameworks */ = {isa = PBXBuildFile; productRef = 52DBCE389501224A95ACAA74 /* Kingfisher */; };
		54E0DAC1D3C20EAA622A7333 /* AppDelegate.swift in Sources */ = {isa = PBXBuildFile; fileRef = 8986959042A28A4ADC15D0FA /* AppDelegate.swift */; };
		57745982013CE78BB9BD7BCF /* SceneDelegate.swift in Sources */ = {isa = PBXBuildFile; fileRef = 5351C2CF5B37BCF3EBD3A290 /* SceneDelegate.swift */; };
		57EDBB2F124B4F791C85C271 /* Pods_simpleTestApp.framework in Frameworks */ = {isa = PBXBuildFile; fileRef = 743420C2DA2ABF91E6068C61 /* Pods_simpleTestApp.framework */; };
		6A8EBD370FAA50A265729091 /* SnapKit in Frameworks */ = {isa = PBXBuildFile; productRef = 31E5B4719019F2691BBF1DBF /* SnapKit */; };
		81F179634A7C26EDDAAE7719 /* Lottie in Frameworks */ = {isa = PBXBuildFile; productRef = C4CBD303790D5801E80816BA /* Lottie */; };
		9D3B430053E562B7BF56AA2F /* Alamofire in Frameworks */ = {isa = PBXBuildFile; productRef = B7F77C0EB0427335B6159B89 /* Alamofire */; };
		AC9CA1B2C62F9BB0F1BAF5C4 /* LaunchScreen.storyboard in Resources */ = {isa = PBXBuildFile; fileRef = E566CF237B70D33246DE3B52 /* LaunchScreen.storyboard */; };
		B3DBB3B22A6FEFA80029F669 /* LaunchScreenViewController.swift in Sources */ = {isa = PBXBuildFile; fileRef = B3DBB3B12A6FEFA80029F669 /* LaunchScreenViewController.swift */; };
		B3DBB3B52A6FF0090029F669 /* UIViewExtension.swift in Sources */ = {isa = PBXBuildFile; fileRef = B3DBB3B42A6FF0090029F669 /* UIViewExtension.swift */; };
		B3DBB3B92A6FF2710029F669 /* UIColorExtension.swift in Sources */ = {isa = PBXBuildFile; fileRef = B3DBB3B82A6FF2710029F669 /* UIColorExtension.swift */; };
		B3DBB3BE2A6FFB1B0029F669 /* carAnimation.json in Resources */ = {isa = PBXBuildFile; fileRef = B3DBB3BD2A6FFB1A0029F669 /* carAnimation.json */; };
/* End PBXBuildFile section */

/* Begin PBXFileReference section */
		5351C2CF5B37BCF3EBD3A290 /* SceneDelegate.swift */ = {isa = PBXFileReference; lastKnownFileType = sourcecode.swift; path = SceneDelegate.swift; sourceTree = "<group>"; };
		61469C3229C44386802FA2B5 /* Pods-simpleTestApp.app-store.xcconfig */ = {isa = PBXFileReference; includeInIndex = 1; lastKnownFileType = text.xcconfig; name = "Pods-simpleTestApp.app-store.xcconfig"; path = "Target Support Files/Pods-simpleTestApp/Pods-simpleTestApp.app-store.xcconfig"; sourceTree = "<group>"; };
		6B82A96D1C2B0B8C09A04591 /* Pods-simpleTestApp.debug.xcconfig */ = {isa = PBXFileReference; includeInIndex = 1; lastKnownFileType = text.xcconfig; name = "Pods-simpleTestApp.debug.xcconfig"; path = "Target Support Files/Pods-simpleTestApp/Pods-simpleTestApp.debug.xcconfig"; sourceTree = "<group>"; };
		743420C2DA2ABF91E6068C61 /* Pods_simpleTestApp.framework */ = {isa = PBXFileReference; explicitFileType = wrapper.framework; includeInIndex = 0; path = Pods_simpleTestApp.framework; sourceTree = BUILT_PRODUCTS_DIR; };
		8986959042A28A4ADC15D0FA /* AppDelegate.swift */ = {isa = PBXFileReference; lastKnownFileType = sourcecode.swift; path = AppDelegate.swift; sourceTree = "<group>"; };
		A3B2A18254CC07E39115314C /* Base */ = {isa = PBXFileReference; lastKnownFileType = file.storyboard; name = Base; path = Base.lproj/LaunchScreen.storyboard; sourceTree = "<group>"; };
		B3DBB3B12A6FEFA80029F669 /* LaunchScreenViewController.swift */ = {isa = PBXFileReference; lastKnownFileType = sourcecode.swift; path = LaunchScreenViewController.swift; sourceTree = "<group>"; };
		B3DBB3B42A6FF0090029F669 /* UIViewExtension.swift */ = {isa = PBXFileReference; lastKnownFileType = sourcecode.swift; path = UIViewExtension.swift; sourceTree = "<group>"; };
		B3DBB3B82A6FF2710029F669 /* UIColorExtension.swift */ = {isa = PBXFileReference; lastKnownFileType = sourcecode.swift; path = UIColorExtension.swift; sourceTree = "<group>"; };
		B3DBB3BD2A6FFB1A0029F669 /* carAnimation.json */ = {isa = PBXFileReference; fileEncoding = 4; lastKnownFileType = text.json; path = carAnimation.json; sourceTree = "<group>"; };
		C3D1D3B4C06B4B6627EAF9D9 /* simpleTestApp.app */ = {isa = PBXFileReference; explicitFileType = wrapper.application; includeInIndex = 0; path = simpleTestApp.app; sourceTree = BUILT_PRODUCTS_DIR; };
		F1C44333EFBC1CDB89C478FF /* Assets.xcassets */ = {isa = PBXFileReference; lastKnownFileType = folder.assetcatalog; path = Assets.xcassets; sourceTree = "<group>"; };
		F7F958EDC22A2BF784E28439 /* Info.plist */ = {isa = PBXFileReference; lastKnownFileType = text.plist.xml; path = Info.plist; sourceTree = "<group>"; };
		FD13FBEC61048671970C14AD /* R.generated.swift */ = {isa = PBXFileReference; lastKnownFileType = sourcecode.swift; path = R.generated.swift; sourceTree = "<group>"; };
/* End PBXFileReference section */

/* Begin PBXFrameworksBuildPhase section */
		5503F7BF826842C1209C8119 /* Frameworks */ = {
			isa = PBXFrameworksBuildPhase;
			buildActionMask = 2147483647;
			files = (
				6A8EBD370FAA50A265729091 /* SnapKit in Frameworks */,
				3B556502571BD1E23B08C410 /* Kingfisher in Frameworks */,
				81F179634A7C26EDDAAE7719 /* Lottie in Frameworks */,
				9D3B430053E562B7BF56AA2F /* Alamofire in Frameworks */,
				57EDBB2F124B4F791C85C271 /* Pods_simpleTestApp.framework in Frameworks */,
			);
			runOnlyForDeploymentPostprocessing = 0;
		};
/* End PBXFrameworksBuildPhase section */

/* Begin PBXGroup section */
		361873229F99A75FCCDD2A76 /* Products */ = {
			isa = PBXGroup;
			children = (
				C3D1D3B4C06B4B6627EAF9D9 /* simpleTestApp.app */,
			);
			name = Products;
			sourceTree = "<group>";
		};
		604606FFA8125431AC388DBD /* Generated */ = {
			isa = PBXGroup;
			children = (
				FD13FBEC61048671970C14AD /* R.generated.swift */,
			);
			path = Generated;
			sourceTree = "<group>";
		};
		71B20E522B86029E2663504C /* Frameworks */ = {
			isa = PBXGroup;
			children = (
				743420C2DA2ABF91E6068C61 /* Pods_simpleTestApp.framework */,
			);
			name = Frameworks;
			sourceTree = "<group>";
		};
		84340DC5E7DA6B1B64417C08 /* Pods */ = {
			isa = PBXGroup;
			children = (
				61469C3229C44386802FA2B5 /* Pods-simpleTestApp.app-store.xcconfig */,
				6B82A96D1C2B0B8C09A04591 /* Pods-simpleTestApp.debug.xcconfig */,
			);
			path = Pods;
			sourceTree = "<group>";
		};
		90C1F7DB005A8735CDF878E9 /* Sources */ = {
			isa = PBXGroup;
			children = (
				604606FFA8125431AC388DBD /* Generated */,
				E566CF237B70D33246DE3B52 /* LaunchScreen.storyboard */,
				F7F958EDC22A2BF784E28439 /* Info.plist */,
			);
			path = Sources;
			sourceTree = "<group>";
		};
		A828D48C1371099813C9EF3C = {
			isa = PBXGroup;
			children = (
				AF511D51C4CD5F7BA85B2CBD /* simpleTestApp */,
				361873229F99A75FCCDD2A76 /* Products */,
				84340DC5E7DA6B1B64417C08 /* Pods */,
				71B20E522B86029E2663504C /* Frameworks */,
			);
			sourceTree = "<group>";
		};
		AF511D51C4CD5F7BA85B2CBD /* simpleTestApp */ = {
			isa = PBXGroup;
			children = (
				B3DBB3B32A6FEFF40029F669 /* Extensions */,
				B3DBB3AD2A6FECB10029F669 /* Application */,
				B3DBB3AF2A6FEF830029F669 /* Modules */,
				90C1F7DB005A8735CDF878E9 /* Sources */,
				B3DBB3AE2A6FECE30029F669 /* Resourses */,
			);
			path = simpleTestApp;
			sourceTree = "<group>";
		};
		B3DBB3AD2A6FECB10029F669 /* Application */ = {
			isa = PBXGroup;
			children = (
				8986959042A28A4ADC15D0FA /* AppDelegate.swift */,
				5351C2CF5B37BCF3EBD3A290 /* SceneDelegate.swift */,
			);
			path = Application;
			sourceTree = "<group>";
		};
		B3DBB3AE2A6FECE30029F669 /* Resourses */ = {
			isa = PBXGroup;
			children = (
				B3DBB3BA2A6FF8CB0029F669 /* LottieAnimations */,
				F1C44333EFBC1CDB89C478FF /* Assets.xcassets */,
			);
			path = Resourses;
			sourceTree = "<group>";
		};
		B3DBB3AF2A6FEF830029F669 /* Modules */ = {
			isa = PBXGroup;
			children = (
				B3DBB3B02A6FEF8E0029F669 /* LaunchScreen */,
			);
			path = Modules;
			sourceTree = "<group>";
		};
		B3DBB3B02A6FEF8E0029F669 /* LaunchScreen */ = {
			isa = PBXGroup;
			children = (
				B3DBB3B12A6FEFA80029F669 /* LaunchScreenViewController.swift */,
			);
			path = LaunchScreen;
			sourceTree = "<group>";
		};
		B3DBB3B32A6FEFF40029F669 /* Extensions */ = {
			isa = PBXGroup;
			children = (
				B3DBB3B42A6FF0090029F669 /* UIViewExtension.swift */,
				B3DBB3B82A6FF2710029F669 /* UIColorExtension.swift */,
			);
			path = Extensions;
			sourceTree = "<group>";
		};
		B3DBB3BA2A6FF8CB0029F669 /* LottieAnimations */ = {
			isa = PBXGroup;
			children = (
				B3DBB3BD2A6FFB1A0029F669 /* carAnimation.json */,
			);
			path = LottieAnimations;
			sourceTree = "<group>";
		};
/* End PBXGroup section */

/* Begin PBXNativeTarget section */
		9E1699F505C8DEA932778083 /* simpleTestApp */ = {
			isa = PBXNativeTarget;
			buildConfigurationList = 3D5EB73B93843176BE9EA6EC /* Build configuration list for PBXNativeTarget "simpleTestApp" */;
			buildPhases = (
				E8E9544934B657F2B5DB7DB9 /* [CP] Check Pods Manifest.lock */,
				2472B7652DD6AE3F0B5B138B /* SwiftLint */,
				E5BAEBE96D3A8DCC2FC973F1 /* R.Swift */,
				C238652F4D7309CD29370740 /* Sources */,
				FEBEFAAC803AD1416463451B /* Resources */,
				5503F7BF826842C1209C8119 /* Frameworks */,
				10EA6A78AAEBDB6DE18A06B8 /* [CP] Embed Pods Frameworks */,
			);
			buildRules = (
			);
			dependencies = (
			);
			name = simpleTestApp;
			packageProductDependencies = (
				31E5B4719019F2691BBF1DBF /* SnapKit */,
				52DBCE389501224A95ACAA74 /* Kingfisher */,
				C4CBD303790D5801E80816BA /* Lottie */,
				B7F77C0EB0427335B6159B89 /* Alamofire */,
			);
			productName = simpleTestApp;
			productReference = C3D1D3B4C06B4B6627EAF9D9 /* simpleTestApp.app */;
			productType = "com.apple.product-type.application";
		};
/* End PBXNativeTarget section */

/* Begin PBXProject section */
		9C8515A26F5C7884963B428D /* Project object */ = {
			isa = PBXProject;
			attributes = {
				LastUpgradeCheck = 1200;
			};
			buildConfigurationList = 0346B9180481192E1DDC0CAF /* Build configuration list for PBXProject "simpleTestApp" */;
			compatibilityVersion = "Xcode 11.0";
			developmentRegion = en;
			hasScannedForEncodings = 0;
			knownRegions = (
				Base,
				en,
			);
			mainGroup = A828D48C1371099813C9EF3C;
			packageReferences = (
				6D6610288FD776F4E212AE94 /* XCRemoteSwiftPackageReference "Alamofire" */,
				E6AA0CCF8E17877E040A9607 /* XCRemoteSwiftPackageReference "Kingfisher" */,
				EEF5AE331FE8E9C883F2D4CC /* XCRemoteSwiftPackageReference "lottie-ios" */,
				17A84B4B53DA9017D6376876 /* XCRemoteSwiftPackageReference "SnapKit" */,
			);
			productRefGroup = 361873229F99A75FCCDD2A76 /* Products */;
			projectDirPath = "";
			projectRoot = "";
			targets = (
				9E1699F505C8DEA932778083 /* simpleTestApp */,
			);
		};
/* End PBXProject section */

/* Begin PBXResourcesBuildPhase section */
		FEBEFAAC803AD1416463451B /* Resources */ = {
			isa = PBXResourcesBuildPhase;
			buildActionMask = 2147483647;
			files = (
				B3DBB3BE2A6FFB1B0029F669 /* carAnimation.json in Resources */,
				1FA10D8DCF2FE674ECC576C9 /* Assets.xcassets in Resources */,
				AC9CA1B2C62F9BB0F1BAF5C4 /* LaunchScreen.storyboard in Resources */,
			);
			runOnlyForDeploymentPostprocessing = 0;
		};
/* End PBXResourcesBuildPhase section */

/* Begin PBXShellScriptBuildPhase section */
		10EA6A78AAEBDB6DE18A06B8 /* [CP] Embed Pods Frameworks */ = {
			isa = PBXShellScriptBuildPhase;
			buildActionMask = 2147483647;
			files = (
			);
			inputFileListPaths = (
				"${PODS_ROOT}/Target Support Files/Pods-simpleTestApp/Pods-simpleTestApp-frameworks-${CONFIGURATION}-input-files.xcfilelist",
			);
			name = "[CP] Embed Pods Frameworks";
			outputFileListPaths = (
				"${PODS_ROOT}/Target Support Files/Pods-simpleTestApp/Pods-simpleTestApp-frameworks-${CONFIGURATION}-output-files.xcfilelist",
			);
			runOnlyForDeploymentPostprocessing = 0;
			shellPath = /bin/sh;
			shellScript = "\"${PODS_ROOT}/Target Support Files/Pods-simpleTestApp/Pods-simpleTestApp-frameworks.sh\"\n";
			showEnvVarsInLog = 0;
		};
		2472B7652DD6AE3F0B5B138B /* SwiftLint */ = {
			isa = PBXShellScriptBuildPhase;
			buildActionMask = 2147483647;
			files = (
			);
			inputFileListPaths = (
			);
			inputPaths = (
			);
			name = SwiftLint;
			outputFileListPaths = (
			);
			outputPaths = (
			);
			runOnlyForDeploymentPostprocessing = 0;
			shellPath = /bin/sh;
			shellScript = "\"${PODS_ROOT}/SwiftLint/swiftlint\"\n";
		};
		E5BAEBE96D3A8DCC2FC973F1 /* R.Swift */ = {
			isa = PBXShellScriptBuildPhase;
			alwaysOutOfDate = 1;
			buildActionMask = 2147483647;
			files = (
			);
			inputFileListPaths = (
			);
			inputPaths = (
			);
			name = R.Swift;
			outputFileListPaths = (
			);
			outputPaths = (
				$SRCROOT/$TARGET_NAME/Sources/Generated/R.generated.swift,
			);
			runOnlyForDeploymentPostprocessing = 0;
			shellPath = /bin/sh;
			shellScript = "if [ $ACTION != \"indexbuild\" ]; then\n    \"$PODS_ROOT/R.swift/rswift\" generate \"$SRCROOT/$TARGET_NAME/Sources/Generated/R.generated.swift\"\nfi\n";
		};
		E8E9544934B657F2B5DB7DB9 /* [CP] Check Pods Manifest.lock */ = {
			isa = PBXShellScriptBuildPhase;
			buildActionMask = 2147483647;
			files = (
			);
			inputFileListPaths = (
			);
			inputPaths = (
				"${PODS_PODFILE_DIR_PATH}/Podfile.lock",
				"${PODS_ROOT}/Manifest.lock",
			);
			name = "[CP] Check Pods Manifest.lock";
			outputFileListPaths = (
			);
			outputPaths = (
				"$(DERIVED_FILE_DIR)/Pods-simpleTestApp-checkManifestLockResult.txt",
			);
			runOnlyForDeploymentPostprocessing = 0;
			shellPath = /bin/sh;
			shellScript = "diff \"${PODS_PODFILE_DIR_PATH}/Podfile.lock\" \"${PODS_ROOT}/Manifest.lock\" > /dev/null\nif [ $? != 0 ] ; then\n    # print error to STDERR\n    echo \"error: The sandbox is not in sync with the Podfile.lock. Run 'pod install' or update your CocoaPods installation.\" >&2\n    exit 1\nfi\n# This output is used by Xcode 'outputs' to avoid re-running this script phase.\necho \"SUCCESS\" > \"${SCRIPT_OUTPUT_FILE_0}\"\n";
			showEnvVarsInLog = 0;
		};
/* End PBXShellScriptBuildPhase section */

/* Begin PBXSourcesBuildPhase section */
		C238652F4D7309CD29370740 /* Sources */ = {
			isa = PBXSourcesBuildPhase;
			buildActionMask = 2147483647;
			files = (
				B3DBB3B52A6FF0090029F669 /* UIViewExtension.swift in Sources */,
				54E0DAC1D3C20EAA622A7333 /* AppDelegate.swift in Sources */,
				B3DBB3B92A6FF2710029F669 /* UIColorExtension.swift in Sources */,
				0E523086BFAA620F23FC32D9 /* R.generated.swift in Sources */,
				57745982013CE78BB9BD7BCF /* SceneDelegate.swift in Sources */,
				B3DBB3B22A6FEFA80029F669 /* LaunchScreenViewController.swift in Sources */,
			);
			runOnlyForDeploymentPostprocessing = 0;
		};
/* End PBXSourcesBuildPhase section */

/* Begin PBXVariantGroup section */
		E566CF237B70D33246DE3B52 /* LaunchScreen.storyboard */ = {
			isa = PBXVariantGroup;
			children = (
				A3B2A18254CC07E39115314C /* Base */,
			);
			name = LaunchScreen.storyboard;
			sourceTree = "<group>";
		};
/* End PBXVariantGroup section */

/* Begin XCBuildConfiguration section */
		50D5DF369DC6E49C99664424 /* App-Store */ = {
			isa = XCBuildConfiguration;
			baseConfigurationReference = 61469C3229C44386802FA2B5 /* Pods-simpleTestApp.app-store.xcconfig */;
			buildSettings = {
				ASSETCATALOG_COMPILER_APPICON_NAME = AppIcon;
				CODE_SIGN_IDENTITY = "iPhone Developer";
				CURRENT_PROJECT_VERSION = 1;
				DEBUG_INFORMATION_FORMAT = "DWARF with dSYM File";
				INFOPLIST_FILE = simpleTestApp/Sources/Info.plist;
				IPHONEOS_DEPLOYMENT_TARGET = 14.0;
				LD_RUNPATH_SEARCH_PATHS = (
					"$(inherited)",
					"@executable_path/Frameworks",
				);
				MARKETING_VERSION = 1.0;
				PRODUCT_BUNDLE_IDENTIFIER = com.lm.vl.simpleTestApp;
				SDKROOT = iphoneos;
				TARGETED_DEVICE_FAMILY = 1;
			};
			name = "App-Store";
		};
		60D07F83D3710B22A217A5E7 /* Debug */ = {
			isa = XCBuildConfiguration;
			baseConfigurationReference = 6B82A96D1C2B0B8C09A04591 /* Pods-simpleTestApp.debug.xcconfig */;
			buildSettings = {
				ASSETCATALOG_COMPILER_APPICON_NAME = AppIcon;
				CODE_SIGN_IDENTITY = "iPhone Developer";
				CURRENT_PROJECT_VERSION = 1;
				DEBUG_INFORMATION_FORMAT = "DWARF with dSYM File";
				INFOPLIST_FILE = simpleTestApp/Sources/Info.plist;
				IPHONEOS_DEPLOYMENT_TARGET = 14.0;
				LD_RUNPATH_SEARCH_PATHS = (
					"$(inherited)",
					"@executable_path/Frameworks",
				);
				MARKETING_VERSION = 1.0;
				PRODUCT_BUNDLE_IDENTIFIER = com.lm.vl.simpleTestApp;
				SDKROOT = iphoneos;
				TARGETED_DEVICE_FAMILY = 1;
			};
			name = Debug;
		};
		8226EDC1558CFD1B6E05CECF /* Debug */ = {
			isa = XCBuildConfiguration;
			buildSettings = {
				ALWAYS_SEARCH_USER_PATHS = NO;
				CLANG_ANALYZER_NONNULL = YES;
				CLANG_ANALYZER_NUMBER_OBJECT_CONVERSION = YES_AGGRESSIVE;
				CLANG_CXX_LANGUAGE_STANDARD = "gnu++14";
				CLANG_CXX_LIBRARY = "libc++";
				CLANG_ENABLE_MODULES = YES;
				CLANG_ENABLE_OBJC_ARC = YES;
				CLANG_ENABLE_OBJC_WEAK = YES;
				CLANG_WARN_BLOCK_CAPTURE_AUTORELEASING = YES;
				CLANG_WARN_BOOL_CONVERSION = YES;
				CLANG_WARN_COMMA = YES;
				CLANG_WARN_CONSTANT_CONVERSION = YES;
				CLANG_WARN_DEPRECATED_OBJC_IMPLEMENTATIONS = YES;
				CLANG_WARN_DIRECT_OBJC_ISA_USAGE = YES_ERROR;
				CLANG_WARN_DOCUMENTATION_COMMENTS = YES;
				CLANG_WARN_EMPTY_BODY = YES;
				CLANG_WARN_ENUM_CONVERSION = YES;
				CLANG_WARN_INFINITE_RECURSION = YES;
				CLANG_WARN_INT_CONVERSION = YES;
				CLANG_WARN_NON_LITERAL_NULL_CONVERSION = YES;
				CLANG_WARN_OBJC_IMPLICIT_RETAIN_SELF = YES;
				CLANG_WARN_OBJC_LITERAL_CONVERSION = YES;
				CLANG_WARN_OBJC_ROOT_CLASS = YES_ERROR;
				CLANG_WARN_QUOTED_INCLUDE_IN_FRAMEWORK_HEADER = YES;
				CLANG_WARN_RANGE_LOOP_ANALYSIS = YES;
				CLANG_WARN_STRICT_PROTOTYPES = YES;
				CLANG_WARN_SUSPICIOUS_MOVE = YES;
				CLANG_WARN_UNGUARDED_AVAILABILITY = YES_AGGRESSIVE;
				CLANG_WARN_UNREACHABLE_CODE = YES;
				CLANG_WARN__DUPLICATE_METHOD_MATCH = YES;
				COPY_PHASE_STRIP = NO;
				DEBUG_INFORMATION_FORMAT = dwarf;
				ENABLE_STRICT_OBJC_MSGSEND = YES;
				ENABLE_TESTABILITY = YES;
				GCC_C_LANGUAGE_STANDARD = gnu11;
				GCC_DYNAMIC_NO_PIC = NO;
				GCC_NO_COMMON_BLOCKS = YES;
				GCC_OPTIMIZATION_LEVEL = 0;
				GCC_PREPROCESSOR_DEFINITIONS = (
					"$(inherited)",
					"DEBUG=1",
				);
				GCC_WARN_64_TO_32_BIT_CONVERSION = YES;
				GCC_WARN_ABOUT_RETURN_TYPE = YES_ERROR;
				GCC_WARN_UNDECLARED_SELECTOR = YES;
				GCC_WARN_UNINITIALIZED_AUTOS = YES_AGGRESSIVE;
				GCC_WARN_UNUSED_FUNCTION = YES;
				GCC_WARN_UNUSED_VARIABLE = YES;
				MTL_ENABLE_DEBUG_INFO = INCLUDE_SOURCE;
				MTL_FAST_MATH = YES;
				ONLY_ACTIVE_ARCH = YES;
				PRODUCT_NAME = "$(TARGET_NAME)";
				SDKROOT = iphoneos;
				SWIFT_ACTIVE_COMPILATION_CONDITIONS = DEBUG;
				SWIFT_OPTIMIZATION_LEVEL = "-Onone";
				SWIFT_VERSION = 5.0;
			};
			name = Debug;
		};
		C817006660A091005614AE74 /* App-Store */ = {
			isa = XCBuildConfiguration;
			buildSettings = {
				ALWAYS_SEARCH_USER_PATHS = NO;
				CLANG_ANALYZER_NONNULL = YES;
				CLANG_ANALYZER_NUMBER_OBJECT_CONVERSION = YES_AGGRESSIVE;
				CLANG_CXX_LANGUAGE_STANDARD = "gnu++14";
				CLANG_CXX_LIBRARY = "libc++";
				CLANG_ENABLE_MODULES = YES;
				CLANG_ENABLE_OBJC_ARC = YES;
				CLANG_ENABLE_OBJC_WEAK = YES;
				CLANG_WARN_BLOCK_CAPTURE_AUTORELEASING = YES;
				CLANG_WARN_BOOL_CONVERSION = YES;
				CLANG_WARN_COMMA = YES;
				CLANG_WARN_CONSTANT_CONVERSION = YES;
				CLANG_WARN_DEPRECATED_OBJC_IMPLEMENTATIONS = YES;
				CLANG_WARN_DIRECT_OBJC_ISA_USAGE = YES_ERROR;
				CLANG_WARN_DOCUMENTATION_COMMENTS = YES;
				CLANG_WARN_EMPTY_BODY = YES;
				CLANG_WARN_ENUM_CONVERSION = YES;
				CLANG_WARN_INFINITE_RECURSION = YES;
				CLANG_WARN_INT_CONVERSION = YES;
				CLANG_WARN_NON_LITERAL_NULL_CONVERSION = YES;
				CLANG_WARN_OBJC_IMPLICIT_RETAIN_SELF = YES;
				CLANG_WARN_OBJC_LITERAL_CONVERSION = YES;
				CLANG_WARN_OBJC_ROOT_CLASS = YES_ERROR;
				CLANG_WARN_QUOTED_INCLUDE_IN_FRAMEWORK_HEADER = YES;
				CLANG_WARN_RANGE_LOOP_ANALYSIS = YES;
				CLANG_WARN_STRICT_PROTOTYPES = YES;
				CLANG_WARN_SUSPICIOUS_MOVE = YES;
				CLANG_WARN_UNGUARDED_AVAILABILITY = YES_AGGRESSIVE;
				CLANG_WARN_UNREACHABLE_CODE = YES;
				CLANG_WARN__DUPLICATE_METHOD_MATCH = YES;
				COPY_PHASE_STRIP = NO;
				DEBUG_INFORMATION_FORMAT = "dwarf-with-dsym";
				ENABLE_NS_ASSERTIONS = NO;
				ENABLE_STRICT_OBJC_MSGSEND = YES;
				GCC_C_LANGUAGE_STANDARD = gnu11;
				GCC_NO_COMMON_BLOCKS = YES;
				GCC_WARN_64_TO_32_BIT_CONVERSION = YES;
				GCC_WARN_ABOUT_RETURN_TYPE = YES_ERROR;
				GCC_WARN_UNDECLARED_SELECTOR = YES;
				GCC_WARN_UNINITIALIZED_AUTOS = YES_AGGRESSIVE;
				GCC_WARN_UNUSED_FUNCTION = YES;
				GCC_WARN_UNUSED_VARIABLE = YES;
				MTL_ENABLE_DEBUG_INFO = NO;
				MTL_FAST_MATH = YES;
				PRODUCT_NAME = "$(TARGET_NAME)";
				SDKROOT = iphoneos;
				SWIFT_COMPILATION_MODE = wholemodule;
				SWIFT_OPTIMIZATION_LEVEL = "-O";
				SWIFT_VERSION = 5.0;
			};
			name = "App-Store";
		};
/* End XCBuildConfiguration section */

/* Begin XCConfigurationList section */
		0346B9180481192E1DDC0CAF /* Build configuration list for PBXProject "simpleTestApp" */ = {
			isa = XCConfigurationList;
			buildConfigurations = (
				C817006660A091005614AE74 /* App-Store */,
				8226EDC1558CFD1B6E05CECF /* Debug */,
			);
			defaultConfigurationIsVisible = 0;
			defaultConfigurationName = "App-Store";
		};
		3D5EB73B93843176BE9EA6EC /* Build configuration list for PBXNativeTarget "simpleTestApp" */ = {
			isa = XCConfigurationList;
			buildConfigurations = (
				50D5DF369DC6E49C99664424 /* App-Store */,
				60D07F83D3710B22A217A5E7 /* Debug */,
			);
			defaultConfigurationIsVisible = 0;
			defaultConfigurationName = "App-Store";
		};
/* End XCConfigurationList section */

/* Begin XCRemoteSwiftPackageReference section */
		17A84B4B53DA9017D6376876 /* XCRemoteSwiftPackageReference "SnapKit" */ = {
			isa = XCRemoteSwiftPackageReference;
			repositoryURL = "https://github.com/SnapKit/SnapKit.git";
			requirement = {
				kind = upToNextMajorVersion;
				minimumVersion = 5.0.1;
			};
		};
		6D6610288FD776F4E212AE94 /* XCRemoteSwiftPackageReference "Alamofire" */ = {
			isa = XCRemoteSwiftPackageReference;
			repositoryURL = "https://github.com/Alamofire/Alamofire.git";
			requirement = {
				kind = upToNextMajorVersion;
				minimumVersion = 5.6.1;
			};
		};
		E6AA0CCF8E17877E040A9607 /* XCRemoteSwiftPackageReference "Kingfisher" */ = {
			isa = XCRemoteSwiftPackageReference;
			repositoryURL = "https://github.com/onevcat/Kingfisher.git";
			requirement = {
				kind = upToNextMajorVersion;
				minimumVersion = 7.0.0;
			};
		};
		EEF5AE331FE8E9C883F2D4CC /* XCRemoteSwiftPackageReference "lottie-ios" */ = {
			isa = XCRemoteSwiftPackageReference;
			repositoryURL = "https://github.com/airbnb/lottie-ios.git";
			requirement = {
				kind = upToNextMajorVersion;
				minimumVersion = 3.0.0;
			};
		};
/* End XCRemoteSwiftPackageReference section */

/* Begin XCSwiftPackageProductDependency section */
		31E5B4719019F2691BBF1DBF /* SnapKit */ = {
			isa = XCSwiftPackageProductDependency;
			package = 17A84B4B53DA9017D6376876 /* XCRemoteSwiftPackageReference "SnapKit" */;
			productName = SnapKit;
		};
		52DBCE389501224A95ACAA74 /* Kingfisher */ = {
			isa = XCSwiftPackageProductDependency;
			package = E6AA0CCF8E17877E040A9607 /* XCRemoteSwiftPackageReference "Kingfisher" */;
			productName = Kingfisher;
		};
		B7F77C0EB0427335B6159B89 /* Alamofire */ = {
			isa = XCSwiftPackageProductDependency;
			package = 6D6610288FD776F4E212AE94 /* XCRemoteSwiftPackageReference "Alamofire" */;
			productName = Alamofire;
		};
		C4CBD303790D5801E80816BA /* Lottie */ = {
			isa = XCSwiftPackageProductDependency;
			package = EEF5AE331FE8E9C883F2D4CC /* XCRemoteSwiftPackageReference "lottie-ios" */;
			productName = Lottie;
		};
/* End XCSwiftPackageProductDependency section */
	};
	rootObject = 9C8515A26F5C7884963B428D /* Project object */;
}
